
Microsoft Visual Studio Solution File, Format Version 12.00
# Visual Studio Version 17
VisualStudioVersion = 17.9.34728.123
MinimumVisualStudioVersion = 10.0.40219.1
Project("{FAE04EC0-301F-11D3-BF4B-00C04F79EFBC}") = "Anitube.API", "Anitube.API\Anitube.API.csproj", "{9D49050A-AEEF-4CC9-9238-3DC2F1E2CD0E}"
EndProject
Project("{FAE04EC0-301F-11D3-BF4B-00C04F79EFBC}") = "Anitube.Application", "Anitube.Application\Anitube.Application.csproj", "{7E26AFB8-CEBB-4A48-B37A-6570F62652F2}"
EndProject
Project("{FAE04EC0-301F-11D3-BF4B-00C04F79EFBC}") = "Anitube.Persistance", "Anitube.Persistance\Anitube.Persistance.csproj", "{93AFBEA9-DB4E-4DAA-96D7-6FFFA1929568}"
EndProject
Project("{FAE04EC0-301F-11D3-BF4B-00C04F79EFBC}") = "Anitube.Core", "Anitube.Core\Anitube.Core.csproj", "{DFB0BE61-3CCE-4ECB-9888-278E836B1141}"
EndProject
Global
	GlobalSection(SolutionConfigurationPlatforms) = preSolution
		Debug|Any CPU = Debug|Any CPU
		Release|Any CPU = Release|Any CPU
	EndGlobalSection
	GlobalSection(ProjectConfigurationPlatforms) = postSolution
		{9D49050A-AEEF-4CC9-9238-3DC2F1E2CD0E}.Debug|Any CPU.ActiveCfg = Debug|Any CPU
		{9D49050A-AEEF-4CC9-9238-3DC2F1E2CD0E}.Debug|Any CPU.Build.0 = Debug|Any CPU
		{9D49050A-AEEF-4CC9-9238-3DC2F1E2CD0E}.Release|Any CPU.ActiveCfg = Release|Any CPU
		{9D49050A-AEEF-4CC9-9238-3DC2F1E2CD0E}.Release|Any CPU.Build.0 = Release|Any CPU
		{7E26AFB8-CEBB-4A48-B37A-6570F62652F2}.Debug|Any CPU.ActiveCfg = Debug|Any CPU
		{7E26AFB8-CEBB-4A48-B37A-6570F62652F2}.Debug|Any CPU.Build.0 = Debug|Any CPU
		{7E26AFB8-CEBB-4A48-B37A-6570F62652F2}.Release|Any CPU.ActiveCfg = Release|Any CPU
		{7E26AFB8-CEBB-4A48-B37A-6570F62652F2}.Release|Any CPU.Build.0 = Release|Any CPU
		{93AFBEA9-DB4E-4DAA-96D7-6FFFA1929568}.Debug|Any CPU.ActiveCfg = Debug|Any CPU
		{93AFBEA9-DB4E-4DAA-96D7-6FFFA1929568}.Debug|Any CPU.Build.0 = Debug|Any CPU
		{93AFBEA9-DB4E-4DAA-96D7-6FFFA1929568}.Release|Any CPU.ActiveCfg = Release|Any CPU
		{93AFBEA9-DB4E-4DAA-96D7-6FFFA1929568}.Release|Any CPU.Build.0 = Release|Any CPU
		{DFB0BE61-3CCE-4ECB-9888-278E836B1141}.Debug|Any CPU.ActiveCfg = Debug|Any CPU
		{DFB0BE61-3CCE-4ECB-9888-278E836B1141}.Debug|Any CPU.Build.0 = Debug|Any CPU
		{DFB0BE61-3CCE-4ECB-9888-278E836B1141}.Release|Any CPU.ActiveCfg = Release|Any CPU
		{DFB0BE61-3CCE-4ECB-9888-278E836B1141}.Release|Any CPU.Build.0 = Release|Any CPU
	EndGlobalSection
	GlobalSection(SolutionProperties) = preSolution
		HideSolutionNode = FALSE
	EndGlobalSection
	GlobalSection(ExtensibilityGlobals) = postSolution
		SolutionGuid = {DC745711-D5A8-45D0-BB7F-8E4401FD660D}
	EndGlobalSection
EndGlobal
